// !$*UTF8*$!
{
	archiveVersion = 1;
	classes = {
	};
	objectVersion = 50;
	objects = {

/* Begin PBXBuildFile section */
		133000022245957000D4168A /* LaunchScreen.storyboard in Resources */ = {isa = PBXBuildFile; fileRef = 133000002245957000D4168A /* LaunchScreen.storyboard */; };
		1330FFF52245956E00D4168A /* AppDelegate.swift in Sources */ = {isa = PBXBuildFile; fileRef = 1330FFF42245956E00D4168A /* AppDelegate.swift */; };
		1330FFF72245956E00D4168A /* ViewController.swift in Sources */ = {isa = PBXBuildFile; fileRef = 1330FFF62245956E00D4168A /* ViewController.swift */; };
		1330FFFA2245956E00D4168A /* Main.storyboard in Resources */ = {isa = PBXBuildFile; fileRef = 1330FFF82245956E00D4168A /* Main.storyboard */; };
		1330FFFD2245956E00D4168A /* coreloc.xcdatamodeld in Sources */ = {isa = PBXBuildFile; fileRef = 1330FFFB2245956E00D4168A /* coreloc.xcdatamodeld */; };
		1330FFFF2245957000D4168A /* Assets.xcassets in Resources */ = {isa = PBXBuildFile; fileRef = 1330FFFE2245957000D4168A /* Assets.xcassets */; };
/* End PBXBuildFile section */

/* Begin PBXFileReference section */
		133000012245957000D4168A /* Base */ = {isa = PBXFileReference; lastKnownFileType = file.storyboard; name = Base; path = Base.lproj/LaunchScreen.storyboard; sourceTree = "<group>"; };
		133000032245957000D4168A /* Info.plist */ = {isa = PBXFileReference; lastKnownFileType = text.plist.xml; path = Info.plist; sourceTree = "<group>"; };
		1330FFF12245956E00D4168A /* coreloc.app */ = {isa = PBXFileReference; explicitFileType = wrapper.application; includeInIndex = 0; path = coreloc.app; sourceTree = BUILT_PRODUCTS_DIR; };
		1330FFF42245956E00D4168A /* AppDelegate.swift */ = {isa = PBXFileReference; lastKnownFileType = sourcecode.swift; path = AppDelegate.swift; sourceTree = "<group>"; };
		1330FFF62245956E00D4168A /* ViewController.swift */ = {isa = PBXFileReference; lastKnownFileType = sourcecode.swift; path = ViewController.swift; sourceTree = "<group>"; };
		1330FFF92245956E00D4168A /* Base */ = {isa = PBXFileReference; lastKnownFileType = file.storyboard; name = Base; path = Base.lproj/Main.storyboard; sourceTree = "<group>"; };
		1330FFFC2245956E00D4168A /* coreloc.xcdatamodel */ = {isa = PBXFileReference; lastKnownFileType = wrapper.xcdatamodel; path = coreloc.xcdatamodel; sourceTree = "<group>"; };
		1330FFFE2245957000D4168A /* Assets.xcassets */ = {isa = PBXFileReference; lastKnownFileType = folder.assetcatalog; path = Assets.xcassets; sourceTree = "<group>"; };
/* End PBXFileReference section */

/* Begin PBXFrameworksBuildPhase section */
		1330FFEE2245956E00D4168A /* Frameworks */ = {
			isa = PBXFrameworksBuildPhase;
			buildActionMask = 2147483647;
			files = (
			);
			runOnlyForDeploymentPostprocessing = 0;
		};
/* End PBXFrameworksBuildPhase section */

/* Begin PBXGroup section */
		1330FFE82245956E00D4168A = {
			isa = PBXGroup;
			children = (
				1330FFF32245956E00D4168A /* coreloc */,
				1330FFF22245956E00D4168A /* Products */,
			);
			sourceTree = "<group>";
		};
		1330FFF22245956E00D4168A /* Products */ = {
			isa = PBXGroup;
			children = (
				1330FFF12245956E00D4168A /* coreloc.app */,
			);
			name = Products;
			sourceTree = "<group>";
		};
		1330FFF32245956E00D4168A /* coreloc */ = {
			isa = PBXGroup;
			children = (
				1330FFF42245956E00D4168A /* AppDelegate.swift */,
				1330FFF62245956E00D4168A /* ViewController.swift */,
				1330FFF82245956E00D4168A /* Main.storyboard */,
				1330FFFE2245957000D4168A /* Assets.xcassets */,
				133000002245957000D4168A /* LaunchScreen.storyboard */,
				133000032245957000D4168A /* Info.plist */,
				1330FFFB2245956E00D4168A /* coreloc.xcdatamodeld */,
			);
			path = coreloc;
			sourceTree = "<group>";
		};
/* End PBXGroup section */

/* Begin PBXNativeTarget section */
		1330FFF02245956E00D4168A /* coreloc */ = {
			isa = PBXNativeTarget;
			buildConfigurationList = 133000062245957000D4168A /* Build configuration list for PBXNativeTarget "coreloc" */;
			buildPhases = (
				1330FFED2245956E00D4168A /* Sources */,
				1330FFEE2245956E00D4168A /* Frameworks */,
				1330FFEF2245956E00D4168A /* Resources */,
			);
			buildRules = (
			);
			dependencies = (
			);
			name = coreloc;
			productName = coreloc;
			productReference = 1330FFF12245956E00D4168A /* coreloc.app */;
			productType = "com.apple.product-type.application";
		};
/* End PBXNativeTarget section */

/* Begin PBXProject section */
		1330FFE92245956E00D4168A /* Project object */ = {
			isa = PBXProject;
			attributes = {
				LastSwiftUpdateCheck = 1010;
				LastUpgradeCheck = 1010;
				ORGANIZATIONNAME = PUCPR;
				TargetAttributes = {
					1330FFF02245956E00D4168A = {
						CreatedOnToolsVersion = 10.1;
					};
				};
			};
			buildConfigurationList = 1330FFEC2245956E00D4168A /* Build configuration list for PBXProject "coreloc" */;
			compatibilityVersion = "Xcode 9.3";
			developmentRegion = en;
			hasScannedForEncodings = 0;
			knownRegions = (
				en,
				Base,
			);
			mainGroup = 1330FFE82245956E00D4168A;
			productRefGroup = 1330FFF22245956E00D4168A /* Products */;
			projectDirPath = "";
			projectRoot = "";
			targets = (
				1330FFF02245956E00D4168A /* coreloc */,
			);
		};
/* End PBXProject section */

/* Begin PBXResourcesBuildPhase section */
		1330FFEF2245956E00D4168A /* Resources */ = {
			isa = PBXResourcesBuildPhase;
			buildActionMask = 2147483647;
			files = (
				133000022245957000D4168A /* LaunchScreen.storyboard in Resources */,
				1330FFFF2245957000D4168A /* Assets.xcassets in Resources */,
				1330FFFA2245956E00D4168A /* Main.storyboard in Resources */,
			);
			runOnlyForDeploymentPostprocessing = 0;
		};
/* End PBXResourcesBuildPhase section */

/* Begin PBXSourcesBuildPhase section */
		1330FFED2245956E00D4168A /* Sources */ = {
			isa = PBXSourcesBuildPhase;
			buildActionMask = 2147483647;
			files = (
				1330FFFD2245956E00D4168A /* coreloc.xcdatamodeld in Sources */,
				1330FFF72245956E00D4168A /* ViewController.swift in Sources */,
				1330FFF52245956E00D4168A /* AppDelegate.swift in Sources */,
			);
			runOnlyForDeploymentPostprocessing = 0;
		};
/* End PBXSourcesBuildPhase section */

/* Begin PBXVariantGroup section */
		133000002245957000D4168A /* LaunchScreen.storyboard */ = {
			isa = PBXVariantGroup;
			children = (
				133000012245957000D4168A /* Base */,
			);
			name = LaunchScreen.storyboard;
			sourceTree = "<group>";
		};
		1330FFF82245956E00D4168A /* Main.storyboard */ = {
			isa = PBXVariantGroup;
			children = (
				1330FFF92245956E00D4168A /* Base */,
			);
			name = Main.storyboard;
			sourceTree = "<group>";
		};
/* End PBXVariantGroup section */

/* Begin XCBuildConfiguration section */
		133000042245957000D4168A /* Debug */ = {
			isa = XCBuildConfiguration;
			buildSettings = {
				ALWAYS_SEARCH_USER_PATHS = NO;
				CLANG_ANALYZER_NONNULL = YES;
				CLANG_ANALYZER_NUMBER_OBJECT_CONVERSION = YES_AGGRESSIVE;
				CLANG_CXX_LANGUAGE_STANDARD = "gnu++14";
				CLANG_CXX_LIBRARY = "libc++";
				CLANG_ENABLE_MODULES = YES;
				CLANG_ENABLE_OBJC_ARC = YES;
				CLANG_ENABLE_OBJC_WEAK = YES;
				CLANG_WARN_BLOCK_CAPTURE_AUTORELEASING = YES;
				CLANG_WARN_BOOL_CONVERSION = YES;
				CLANG_WARN_COMMA = YES;
				CLANG_WARN_CONSTANT_CONVERSION = YES;
				CLANG_WARN_DEPRECATED_OBJC_IMPLEMENTATIONS = YES;
				CLANG_WARN_DIRECT_OBJC_ISA_USAGE = YES_ERROR;
				CLANG_WARN_DOCUMENTATION_COMMENTS = YES;
				CLANG_WARN_EMPTY_BODY = YES;
				CLANG_WARN_ENUM_CONVERSION = YES;
				CLANG_WARN_INFINITE_RECURSION = YES;
				CLANG_WARN_INT_CONVERSION = YES;
				CLANG_WARN_NON_LITERAL_NULL_CONVERSION = YES;
				CLANG_WARN_OBJC_IMPLICIT_RETAIN_SELF = YES;
				CLANG_WARN_OBJC_LITERAL_CONVERSION = YES;
				CLANG_WARN_OBJC_ROOT_CLASS = YES_ERROR;
				CLANG_WARN_RANGE_LOOP_ANALYSIS = YES;
				CLANG_WARN_STRICT_PROTOTYPES = YES;
				CLANG_WARN_SUSPICIOUS_MOVE = YES;
				CLANG_WARN_UNGUARDED_AVAILABILITY = YES_AGGRESSIVE;
				CLANG_WARN_UNREACHABLE_CODE = YES;
				CLANG_WARN__DUPLICATE_METHOD_MATCH = YES;
				CODE_SIGN_IDENTITY = "iPhone Developer";
				COPY_PHASE_STRIP = NO;
				DEBUG_INFORMATION_FORMAT = dwarf;
				ENABLE_STRICT_OBJC_MSGSEND = YES;
				ENABLE_TESTABILITY = YES;
				GCC_C_LANGUAGE_STANDARD = gnu11;
				GCC_DYNAMIC_NO_PIC = NO;
				GCC_NO_COMMON_BLOCKS = YES;
				GCC_OPTIMIZATION_LEVEL = 0;
				GCC_PREPROCESSOR_DEFINITIONS = (
					"DEBUG=1",
					"$(inherited)",
				);
				GCC_WARN_64_TO_32_BIT_CONVERSION = YES;
				GCC_WARN_ABOUT_RETURN_TYPE = YES_ERROR;
				GCC_WARN_UNDECLARED_SELECTOR = YES;
				GCC_WARN_UNINITIALIZED_AUTOS = YES_AGGRESSIVE;
				GCC_WARN_UNUSED_FUNCTION = YES;
				GCC_WARN_UNUSED_VARIABLE = YES;
				IPHONEOS_DEPLOYMENT_TARGET = 12.1;
				MTL_ENABLE_DEBUG_INFO = INCLUDE_SOURCE;
				MTL_FAST_MATH = YES;
				ONLY_ACTIVE_ARCH = YES;
				SDKROOT = iphoneos;
				SWIFT_ACTIVE_COMPILATION_CONDITIONS = DEBUG;
				SWIFT_OPTIMIZATION_LEVEL = "-Onone";
			};
			name = Debug;
		};
		133000052245957000D4168A /* Release */ = {
			isa = XCBuildConfiguration;
			buildSettings = {
				ALWAYS_SEARCH_USER_PATHS = NO;
				CLANG_ANALYZER_NONNULL = YES;
				CLANG_ANALYZER_NUMBER_OBJECT_CONVERSION = YES_AGGRESSIVE;
				CLANG_CXX_LANGUAGE_STANDARD = "gnu++14";
				CLANG_CXX_LIBRARY = "libc++";
				CLANG_ENABLE_MODULES = YES;
				CLANG_ENABLE_OBJC_ARC = YES;
				CLANG_ENABLE_OBJC_WEAK = YES;
				CLANG_WARN_BLOCK_CAPTURE_AUTORELEASING = YES;
				CLANG_WARN_BOOL_CONVERSION = YES;
				CLANG_WARN_COMMA = YES;
				CLANG_WARN_CONSTANT_CONVERSION = YES;
				CLANG_WARN_DEPRECATED_OBJC_IMPLEMENTATIONS = YES;
				CLANG_WARN_DIRECT_OBJC_ISA_USAGE = YES_ERROR;
				CLANG_WARN_DOCUMENTATION_COMMENTS = YES;
				CLANG_WARN_EMPTY_BODY = YES;
				CLANG_WARN_ENUM_CONVERSION = YES;
				CLANG_WARN_INFINITE_RECURSION = YES;
				CLANG_WARN_INT_CONVERSION = YES;
				CLANG_WARN_NON_LITERAL_NULL_CONVERSION = YES;
				CLANG_WARN_OBJC_IMPLICIT_RETAIN_SELF = YES;
				CLANG_WARN_OBJC_LITERAL_CONVERSION = YES;
				CLANG_WARN_OBJC_ROOT_CLASS = YES_ERROR;
				CLANG_WARN_RANGE_LOOP_ANALYSIS = YES;
				CLANG_WARN_STRICT_PROTOTYPES = YES;
				CLANG_WARN_SUSPICIOUS_MOVE = YES;
				CLANG_WARN_UNGUARDED_AVAILABILITY = YES_AGGRESSIVE;
				CLANG_WARN_UNREACHABLE_CODE = YES;
				CLANG_WARN__DUPLICATE_METHOD_MATCH = YES;
				CODE_SIGN_IDENTITY = "iPhone Developer";
				COPY_PHASE_STRIP = NO;
				DEBUG_INFORMATION_FORMAT = "dwarf-with-dsym";
				ENABLE_NS_ASSERTIONS = NO;
				ENABLE_STRICT_OBJC_MSGSEND = YES;
				GCC_C_LANGUAGE_STANDARD = gnu11;
				GCC_NO_COMMON_BLOCKS = YES;
				GCC_WARN_64_TO_32_BIT_CONVERSION = YES;
				GCC_WARN_ABOUT_RETURN_TYPE = YES_ERROR;
				GCC_WARN_UNDECLARED_SELECTOR = YES;
				GCC_WARN_UNINITIALIZED_AUTOS = YES_AGGRESSIVE;
				GCC_WARN_UNUSED_FUNCTION = YES;
				GCC_WARN_UNUSED_VARIABLE = YES;
				IPHONEOS_DEPLOYMENT_TARGET = 12.1;
				MTL_ENABLE_DEBUG_INFO = NO;
				MTL_FAST_MATH = YES;
				SDKROOT = iphoneos;
				SWIFT_COMPILATION_MODE = wholemodule;
				SWIFT_OPTIMIZATION_LEVEL = "-O";
				VALIDATE_PRODUCT = YES;
			};
			name = Release;
		};
		133000072245957000D4168A /* Debug */ = {
			isa = XCBuildConfiguration;
			buildSettings = {
				ASSETCATALOG_COMPILER_APPICON_NAME = AppIcon;
				CODE_SIGN_STYLE = Automatic;
				INFOPLIST_FILE = coreloc/Info.plist;
				LD_RUNPATH_SEARCH_PATHS = (
					"$(inherited)",
					"@executable_path/Frameworks",
				);
				PRODUCT_BUNDLE_IDENTIFIER = br.pucpr.coreloc;
				PRODUCT_NAME = "$(TARGET_NAME)";
				SWIFT_VERSION = 4.2;
				TARGETED_DEVICE_FAMILY = "1,2";
			};
			name = Debug;
		};
		133000082245957000D4168A /* Release */ = {
			isa = XCBuildConfiguration;
			buildSettings = {
				ASSETCATALOG_COMPILER_APPICON_NAME = AppIcon;
				CODE_SIGN_STYLE = Automatic;
				INFOPLIST_FILE = coreloc/Info.plist;
				LD_RUNPATH_SEARCH_PATHS = (
					"$(inherited)",
					"@executable_path/Frameworks",
				);
				PRODUCT_BUNDLE_IDENTIFIER = br.pucpr.coreloc;
				PRODUCT_NAME = "$(TARGET_NAME)";
				SWIFT_VERSION = 4.2;
				TARGETED_DEVICE_FAMILY = "1,2";
			};
			name = Release;
		};
/* End XCBuildConfiguration section */

/* Begin XCConfigurationList section */
		133000062245957000D4168A /* Build configuration list for PBXNativeTarget "coreloc" */ = {
			isa = XCConfigurationList;
			buildConfigurations = (
				133000072245957000D4168A /* Debug */,
				133000082245957000D4168A /* Release */,
			);
			defaultConfigurationIsVisible = 0;
			defaultConfigurationName = Release;
		};
		1330FFEC2245956E00D4168A /* Build configuration list for PBXProject "coreloc" */ = {
			isa = XCConfigurationList;
			buildConfigurations = (
				133000042245957000D4168A /* Debug */,
				133000052245957000D4168A /* Release */,
			);
			defaultConfigurationIsVisible = 0;
			defaultConfigurationName = Release;
		};
/* End XCConfigurationList section */

/* Begin XCVersionGroup section */
		1330FFFB2245956E00D4168A /* coreloc.xcdatamodeld */ = {
			isa = XCVersionGroup;
			children = (
				1330FFFC2245956E00D4168A /* coreloc.xcdatamodel */,
			);
			currentVersion = 1330FFFC2245956E00D4168A /* coreloc.xcdatamodel */;
			path = coreloc.xcdatamodeld;
			sourceTree = "<group>";
			versionGroupType = wrapper.xcdatamodel;
		};
/* End XCVersionGroup section */
	};
	rootObject = 1330FFE92245956E00D4168A /* Project object */;
}
